
Microsoft Visual Studio Solution File, Format Version 12.00
# Visual Studio 2012
Project("{FAE04EC0-301F-11D3-BF4B-00C04F79EFBC}") = "MyMusicApp", "MyMusicApp\MyMusicApp.csproj", "{0FED8802-3594-4DD3-895A-CDDD68C6D3D2}"
EndProject
Project("{FAE04EC0-301F-11D3-BF4B-00C04F79EFBC}") = "MyMusicApp.Tests", "MyMusicApp.Tests\MyMusicApp.Tests.csproj", "{CF38B042-28DA-4FA6-AA9B-808ACD7449D8}"
EndProject
Global
	GlobalSection(SolutionConfigurationPlatforms) = preSolution
		Debug|Any CPU = Debug|Any CPU
		Release|Any CPU = Release|Any CPU
	EndGlobalSection
	GlobalSection(ProjectConfigurationPlatforms) = postSolution
		{0FED8802-3594-4DD3-895A-CDDD68C6D3D2}.Debug|Any CPU.ActiveCfg = Debug|Any CPU
		{0FED8802-3594-4DD3-895A-CDDD68C6D3D2}.Debug|Any CPU.Build.0 = Debug|Any CPU
		{0FED8802-3594-4DD3-895A-CDDD68C6D3D2}.Release|Any CPU.ActiveCfg = Release|Any CPU
		{0FED8802-3594-4DD3-895A-CDDD68C6D3D2}.Release|Any CPU.Build.0 = Release|Any CPU
		{CF38B042-28DA-4FA6-AA9B-808ACD7449D8}.Debug|Any CPU.ActiveCfg = Debug|Any CPU
		{CF38B042-28DA-4FA6-AA9B-808ACD7449D8}.Debug|Any CPU.Build.0 = Debug|Any CPU
		{CF38B042-28DA-4FA6-AA9B-808ACD7449D8}.Release|Any CPU.ActiveCfg = Release|Any CPU
		{CF38B042-28DA-4FA6-AA9B-808ACD7449D8}.Release|Any CPU.Build.0 = Release|Any CPU
	EndGlobalSection
	GlobalSection(SolutionProperties) = preSolution
		HideSolutionNode = FALSE
	EndGlobalSection
EndGlobal
